
Microsoft Visual Studio Solution File, Format Version 12.00
# Visual Studio Version 16
VisualStudioVersion = 16.0.30104.148
MinimumVisualStudioVersion = 10.0.40219.1
Project("{9A19103F-16F7-4668-BE54-9A1E7A4F7556}") = "CookingPapa.Api", "CookingPapa.Api\CookingPapa.Api.csproj", "{F5AEECCD-83FC-4113-8246-877D260092B6}"
EndProject
Project("{9A19103F-16F7-4668-BE54-9A1E7A4F7556}") = "CookingPapa.Test", "CookingPapa.Test\CookingPapa.Test.csproj", "{D11CD582-05BB-429F-A3E4-3D864BC58AA8}"
EndProject
Project("{9A19103F-16F7-4668-BE54-9A1E7A4F7556}") = "CookingPapa.Data", "CookingPapa.Data\CookingPapa.Data.csproj", "{C29466CC-EA66-484A-AB0B-B6195DAE029B}"
EndProject
Project("{9A19103F-16F7-4668-BE54-9A1E7A4F7556}") = "CookingPapa.Domain", "CookingPapa.Domain\CookingPapa.Domain.csproj", "{B136E413-9297-48BE-9296-32288CF28916}"
EndProject
Global
	GlobalSection(SolutionConfigurationPlatforms) = preSolution
		Debug|Any CPU = Debug|Any CPU
		Release|Any CPU = Release|Any CPU
	EndGlobalSection
	GlobalSection(ProjectConfigurationPlatforms) = postSolution
		{F5AEECCD-83FC-4113-8246-877D260092B6}.Debug|Any CPU.ActiveCfg = Debug|Any CPU
		{F5AEECCD-83FC-4113-8246-877D260092B6}.Debug|Any CPU.Build.0 = Debug|Any CPU
		{F5AEECCD-83FC-4113-8246-877D260092B6}.Release|Any CPU.ActiveCfg = Release|Any CPU
		{F5AEECCD-83FC-4113-8246-877D260092B6}.Release|Any CPU.Build.0 = Release|Any CPU
		{D11CD582-05BB-429F-A3E4-3D864BC58AA8}.Debug|Any CPU.ActiveCfg = Debug|Any CPU
		{D11CD582-05BB-429F-A3E4-3D864BC58AA8}.Debug|Any CPU.Build.0 = Debug|Any CPU
		{D11CD582-05BB-429F-A3E4-3D864BC58AA8}.Release|Any CPU.ActiveCfg = Release|Any CPU
		{D11CD582-05BB-429F-A3E4-3D864BC58AA8}.Release|Any CPU.Build.0 = Release|Any CPU
		{C29466CC-EA66-484A-AB0B-B6195DAE029B}.Debug|Any CPU.ActiveCfg = Debug|Any CPU
		{C29466CC-EA66-484A-AB0B-B6195DAE029B}.Debug|Any CPU.Build.0 = Debug|Any CPU
		{C29466CC-EA66-484A-AB0B-B6195DAE029B}.Release|Any CPU.ActiveCfg = Release|Any CPU
		{C29466CC-EA66-484A-AB0B-B6195DAE029B}.Release|Any CPU.Build.0 = Release|Any CPU
		{B136E413-9297-48BE-9296-32288CF28916}.Debug|Any CPU.ActiveCfg = Debug|Any CPU
		{B136E413-9297-48BE-9296-32288CF28916}.Debug|Any CPU.Build.0 = Debug|Any CPU
		{B136E413-9297-48BE-9296-32288CF28916}.Release|Any CPU.ActiveCfg = Release|Any CPU
		{B136E413-9297-48BE-9296-32288CF28916}.Release|Any CPU.Build.0 = Release|Any CPU
	EndGlobalSection
	GlobalSection(SolutionProperties) = preSolution
		HideSolutionNode = FALSE
	EndGlobalSection
	GlobalSection(ExtensibilityGlobals) = postSolution
		SolutionGuid = {06DC918B-3069-4FD8-99C4-680F2D69E9FD}
	EndGlobalSection
EndGlobal
